
Microsoft Visual Studio Solution File, Format Version 12.00
# Visual Studio Version 16
VisualStudioVersion = 16.0.31410.357
MinimumVisualStudioVersion = 10.0.40219.1
Project("{2150E333-8FDC-42A3-9474-1A3956D46DE8}") = "Services", "Services", "{6E4FFECC-0136-4684-AED0-9D0F18A4B61C}"
EndProject
Project("{2150E333-8FDC-42A3-9474-1A3956D46DE8}") = "Catalog", "Catalog", "{AE9D7CCD-A12E-483B-8F29-F2D59098FC54}"
EndProject
Project("{9A19103F-16F7-4668-BE54-9A1E7A4F7556}") = "Catalog.API", "Services\Catalog\Catalog.API\Catalog.API.csproj", "{757BC3C5-A0EA-4734-B831-7D78D09CDE57}"
EndProject
Project("{E53339B2-1760-4266-BCC7-CA923CBCF16C}") = "docker-compose", "docker-compose.dcproj", "{5718C0CB-30A2-428E-B884-C1A05E5A18A7}"
EndProject
Global
	GlobalSection(SolutionConfigurationPlatforms) = preSolution
		Debug|Any CPU = Debug|Any CPU
		Release|Any CPU = Release|Any CPU
	EndGlobalSection
	GlobalSection(ProjectConfigurationPlatforms) = postSolution
		{757BC3C5-A0EA-4734-B831-7D78D09CDE57}.Debug|Any CPU.ActiveCfg = Debug|Any CPU
		{757BC3C5-A0EA-4734-B831-7D78D09CDE57}.Debug|Any CPU.Build.0 = Debug|Any CPU
		{757BC3C5-A0EA-4734-B831-7D78D09CDE57}.Release|Any CPU.ActiveCfg = Release|Any CPU
		{757BC3C5-A0EA-4734-B831-7D78D09CDE57}.Release|Any CPU.Build.0 = Release|Any CPU
		{5718C0CB-30A2-428E-B884-C1A05E5A18A7}.Debug|Any CPU.ActiveCfg = Debug|Any CPU
		{5718C0CB-30A2-428E-B884-C1A05E5A18A7}.Debug|Any CPU.Build.0 = Debug|Any CPU
		{5718C0CB-30A2-428E-B884-C1A05E5A18A7}.Release|Any CPU.ActiveCfg = Release|Any CPU
		{5718C0CB-30A2-428E-B884-C1A05E5A18A7}.Release|Any CPU.Build.0 = Release|Any CPU
	EndGlobalSection
	GlobalSection(SolutionProperties) = preSolution
		HideSolutionNode = FALSE
	EndGlobalSection
	GlobalSection(NestedProjects) = preSolution
		{AE9D7CCD-A12E-483B-8F29-F2D59098FC54} = {6E4FFECC-0136-4684-AED0-9D0F18A4B61C}
		{757BC3C5-A0EA-4734-B831-7D78D09CDE57} = {AE9D7CCD-A12E-483B-8F29-F2D59098FC54}
	EndGlobalSection
	GlobalSection(ExtensibilityGlobals) = postSolution
		SolutionGuid = {F9FBD7E2-5252-466F-AEC3-9D3353DA9B74}
	EndGlobalSection
EndGlobal
